{
  "nodes": {
    "doxygen-parser-src": {
      "flake": false,
      "locked": {
        "lastModified": 1777909970,
        "narHash": "sha256-7G142qWNIpz4porHJ1OHr8bywaDPIMbc0Bkc+WikRnY=",
        "owner": "well-typed",
        "repo": "doxygen-parser",
        "rev": "33b5074eb5122062ac41fa8b9ed0596d39913b63",
        "type": "github"
      },
      "original": {
        "owner": "well-typed",
        "repo": "doxygen-parser",
        "rev": "33b5074eb5122062ac41fa8b9ed0596d39913b63",
        "type": "github"
      }
    },
    "flake-parts": {
      "inputs": {
        "nixpkgs-lib": "nixpkgs-lib"
      },
      "locked": {
        "lastModified": 1777988971,
        "narHash": "sha256-qIoWPDs+0/8JecyYgE3gpKQxW/4bLW/gp45vow9ioCQ=",
        "owner": "hercules-ci",
        "repo": "flake-parts",
        "rev": "0678d8986be1661af6bb555f3489f2fdfc31f6ff",
        "type": "github"
      },
      "original": {
        "owner": "hercules-ci",
        "repo": "flake-parts",
        "type": "github"
      }
    },
    "flake-utils": {
      "inputs": {
        "systems": "systems"
      },
      "locked": {
        "lastModified": 1731533236,
        "narHash": "sha256-l0KFg5HjrsfsO/JpG+r7fRrqm12kzFHyUHqHCVpMMbI=",
        "owner": "numtide",
        "repo": "flake-utils",
        "rev": "11707dc2f618dd54ca8739b309ec4fc024de578b",
        "type": "github"
      },
      "original": {
        "owner": "numtide",
        "repo": "flake-utils",
        "type": "github"
      }
    },
    "hs-bindgen": {
      "inputs": {
        "doxygen-parser-src": "doxygen-parser-src",
        "flake-parts": "flake-parts",
        "libclang-bindings-src": "libclang-bindings-src",
        "nixpkgs": [
          "nixpkgs"
        ]
      },
      "locked": {
        "lastModified": 1780581406,
        "narHash": "sha256-Cp0BitI87MMIIs2rjUPBFDsLmS3us7YbgKJmfM2omC0=",
        "owner": "well-typed",
        "repo": "hs-bindgen",
        "rev": "1b988645a1dbd988526d8bfea5f267ae21bebbd7",
        "type": "github"
      },
      "original": {
        "owner": "well-typed",
        "repo": "hs-bindgen",
        "type": "github"
      }
    },
    "libclang-bindings-src": {
      "flake": false,
      "locked": {
        "lastModified": 1779428609,
        "narHash": "sha256-e/if9oauLLOQ0KSwsuEkTHhVKpWVs/ta+Ey5Oqh0BCo=",
        "owner": "well-typed",
        "repo": "libclang-bindings",
        "rev": "51b4b4972ea7ee8f7848f962e8524b6cd3eb4a84",
        "type": "github"
      },
      "original": {
        "owner": "well-typed",
        "repo": "libclang-bindings",
        "rev": "51b4b4972ea7ee8f7848f962e8524b6cd3eb4a84",
        "type": "github"
      }
    },
    "nixpkgs": {
      "locked": {
        "lastModified": 1780747962,
        "narHash": "sha256-IX7G1dlKrOqPOImfbo7ADDfV5yU1+j+MRChI3TL4tAA=",
        "owner": "nixos",
        "repo": "nixpkgs",
        "rev": "cbb5cf358f50aa6acc9efd6113b7bcfbc352cd73",
        "type": "github"
      },
      "original": {
        "owner": "nixos",
        "ref": "nixpkgs-unstable",
        "repo": "nixpkgs",
        "type": "github"
      }
    },
    "nixpkgs-lib": {
      "locked": {
        "lastModified": 1777168982,
        "narHash": "sha256-GOkGPcboWE9BmGCRMLX3worL4EMnsnG8MyKmXNeYuhQ=",
        "owner": "nix-community",
        "repo": "nixpkgs.lib",
        "rev": "f5901329dade4a6ea039af1433fb087bd9c1fe14",
        "type": "github"
      },
      "original": {
        "owner": "nix-community",
        "repo": "nixpkgs.lib",
        "type": "github"
      }
    },
    "root": {
      "inputs": {
        "flake-utils": "flake-utils",
        "hs-bindgen": "hs-bindgen",
        "nixpkgs": "nixpkgs",
        "webview": "webview"
      }
    },
    "systems": {
      "locked": {
        "lastModified": 1681028828,
        "narHash": "sha256-Vy1rq5AaRuLzOxct8nz4T6wlgyUR7zLU309k9mBC768=",
        "owner": "nix-systems",
        "repo": "default",
        "rev": "da67096a3b9bf56a91d16901293e51ba5b49a27e",
        "type": "github"
      },
      "original": {
        "owner": "nix-systems",
        "repo": "default",
        "type": "github"
      }
    },
    "webview": {
      "flake": false,
      "locked": {
        "lastModified": 1768915445,
        "narHash": "sha256-V8sZUnwJBXdbrsmTekzVlKrgJg2CGQwtN+pqR1KyjIc=",
        "owner": "micharied",
        "repo": "webview",
        "rev": "787e7ca799faccf7777bb9bb53c537686c0b9b3c",
        "type": "github"
      },
      "original": {
        "owner": "micharied",
        "ref": "develop",
        "repo": "webview",
        "type": "github"
      }
    }
  },
  "root": "root",
  "version": 7
}
